
Microsoft Visual Studio Solution File, Format Version 12.00
# Visual Studio Version 16
VisualStudioVersion = 16.0.32929.386
MinimumVisualStudioVersion = 10.0.40219.1
Project("{FAE04EC0-301F-11D3-BF4B-00C04F79EFBC}") = "BlogWeb", "BlogWeb\BlogWeb.csproj", "{FF0EB166-5F58-4879-B9C5-DFE92A149122}"
EndProject
Global
	GlobalSection(SolutionConfigurationPlatforms) = preSolution
		Debug|Any CPU = Debug|Any CPU
		Release|Any CPU = Release|Any CPU
	EndGlobalSection
	GlobalSection(ProjectConfigurationPlatforms) = postSolution
		{FF0EB166-5F58-4879-B9C5-DFE92A149122}.Debug|Any CPU.ActiveCfg = Debug|Any CPU
		{FF0EB166-5F58-4879-B9C5-DFE92A149122}.Debug|Any CPU.Build.0 = Debug|Any CPU
		{FF0EB166-5F58-4879-B9C5-DFE92A149122}.Release|Any CPU.ActiveCfg = Release|Any CPU
		{FF0EB166-5F58-4879-B9C5-DFE92A149122}.Release|Any CPU.Build.0 = Release|Any CPU
	EndGlobalSection
	GlobalSection(SolutionProperties) = preSolution
		HideSolutionNode = FALSE
	EndGlobalSection
	GlobalSection(ExtensibilityGlobals) = postSolution
		SolutionGuid = {77100A04-52B2-4F64-AAB1-4BDAD8AC0CFE}
	EndGlobalSection
EndGlobal
